{
  "name": "alx_capstone_project",
  "lockfileVersion": 3,
  "requires": true,
  "packages": {
    "": {
      "dependencies": {
        "@emailjs/browser": "^4.3.1"
      }
    },
    "node_modules/@emailjs/browser": {
      "version": "4.3.1",
      "resolved": "https://registry.npmjs.org/@emailjs/browser/-/browser-4.3.1.tgz",
      "integrity": "sha512-Pb9KL6rsEGMhzFEeCr5No+VazPyBJFRLu59tAEgKmjPPA7z7gOGIJuyDLEZG5sUp0NN9WF0407govvrQ+vKvVw==",
      "engines": {
        "node": ">=14.0.0"
      }
    }
  }
}
